
Microsoft Visual Studio Solution File, Format Version 12.00
# Visual Studio 15
Project("{FAE04EC0-301F-11D3-BF4B-00C04F79EFBC}") = "Assembly-CSharp", "Assembly-CSharp.csproj", "{06906430-157A-61B9-A1FB-A6B317842BB3}"
EndProject
Project("{FAE04EC0-301F-11D3-BF4B-00C04F79EFBC}") = "Assembly-CSharp-firstpass", "Assembly-CSharp-firstpass.csproj", "{B4C10AFE-B880-460D-3668-F6B01173E842}"
EndProject
Global
	GlobalSection(SolutionConfigurationPlatforms) = preSolution
		Debug|Any CPU = Debug|Any CPU
		Release|Any CPU = Release|Any CPU
	EndGlobalSection
	GlobalSection(ProjectConfigurationPlatforms) = postSolution
		{06906430-157A-61B9-A1FB-A6B317842BB3}.Debug|Any CPU.ActiveCfg = Debug|Any CPU
		{06906430-157A-61B9-A1FB-A6B317842BB3}.Debug|Any CPU.Build.0 = Debug|Any CPU
		{06906430-157A-61B9-A1FB-A6B317842BB3}.Release|Any CPU.ActiveCfg = Release|Any CPU
		{06906430-157A-61B9-A1FB-A6B317842BB3}.Release|Any CPU.Build.0 = Release|Any CPU
		{B4C10AFE-B880-460D-3668-F6B01173E842}.Debug|Any CPU.ActiveCfg = Debug|Any CPU
		{B4C10AFE-B880-460D-3668-F6B01173E842}.Debug|Any CPU.Build.0 = Debug|Any CPU
		{B4C10AFE-B880-460D-3668-F6B01173E842}.Release|Any CPU.ActiveCfg = Release|Any CPU
		{B4C10AFE-B880-460D-3668-F6B01173E842}.Release|Any CPU.Build.0 = Release|Any CPU
	EndGlobalSection
	GlobalSection(SolutionProperties) = preSolution
		HideSolutionNode = FALSE
	EndGlobalSection
EndGlobal
